
Microsoft Visual Studio Solution File, Format Version 12.00
# Visual Studio Version 16
VisualStudioVersion = 16.0.31112.23
MinimumVisualStudioVersion = 10.0.40219.1
Project("{8BC9CEB8-8B4A-11D0-8D11-00A0C91BC942}") = "server", "server\server.vcxproj", "{B15304C3-57F6-43ED-97B4-E18E5256E2C9}"
EndProject
Project("{8BC9CEB8-8B4A-11D0-8D11-00A0C91BC942}") = "client", "client\client.vcxproj", "{42C51BB0-FC41-4CD1-8532-FBB314BED644}"
EndProject
Global
	GlobalSection(SolutionConfigurationPlatforms) = preSolution
		Debug|x64 = Debug|x64
		Debug|x86 = Debug|x86
		Release|x64 = Release|x64
		Release|x86 = Release|x86
	EndGlobalSection
	GlobalSection(ProjectConfigurationPlatforms) = postSolution
		{B15304C3-57F6-43ED-97B4-E18E5256E2C9}.Debug|x64.ActiveCfg = Debug|x64
		{B15304C3-57F6-43ED-97B4-E18E5256E2C9}.Debug|x64.Build.0 = Debug|x64
		{B15304C3-57F6-43ED-97B4-E18E5256E2C9}.Debug|x86.ActiveCfg = Debug|Win32
		{B15304C3-57F6-43ED-97B4-E18E5256E2C9}.Debug|x86.Build.0 = Debug|Win32
		{B15304C3-57F6-43ED-97B4-E18E5256E2C9}.Release|x64.ActiveCfg = Release|x64
		{B15304C3-57F6-43ED-97B4-E18E5256E2C9}.Release|x64.Build.0 = Release|x64
		{B15304C3-57F6-43ED-97B4-E18E5256E2C9}.Release|x86.ActiveCfg = Release|Win32
		{B15304C3-57F6-43ED-97B4-E18E5256E2C9}.Release|x86.Build.0 = Release|Win32
		{42C51BB0-FC41-4CD1-8532-FBB314BED644}.Debug|x64.ActiveCfg = Debug|x64
		{42C51BB0-FC41-4CD1-8532-FBB314BED644}.Debug|x64.Build.0 = Debug|x64
		{42C51BB0-FC41-4CD1-8532-FBB314BED644}.Debug|x86.ActiveCfg = Debug|Win32
		{42C51BB0-FC41-4CD1-8532-FBB314BED644}.Debug|x86.Build.0 = Debug|Win32
		{42C51BB0-FC41-4CD1-8532-FBB314BED644}.Release|x64.ActiveCfg = Release|x64
		{42C51BB0-FC41-4CD1-8532-FBB314BED644}.Release|x64.Build.0 = Release|x64
		{42C51BB0-FC41-4CD1-8532-FBB314BED644}.Release|x86.ActiveCfg = Release|Win32
		{42C51BB0-FC41-4CD1-8532-FBB314BED644}.Release|x86.Build.0 = Release|Win32
	EndGlobalSection
	GlobalSection(SolutionProperties) = preSolution
		HideSolutionNode = FALSE
	EndGlobalSection
	GlobalSection(ExtensibilityGlobals) = postSolution
		SolutionGuid = {C8955AC2-9F2E-4034-B7E8-D6070C24366C}
	EndGlobalSection
EndGlobal
